// !$*UTF8*$!
{
	archiveVersion = 1;
	classes = {
	};
	objectVersion = 52;
	objects = {

/* Begin PBXBuildFile section */
		9F14B0FC26DE8F0C0061F192 /* FavouritesCell.swift in Sources */ = {isa = PBXBuildFile; fileRef = 9F14B0FB26DE8F0C0061F192 /* FavouritesCell.swift */; };
		9F14B0FE26DE9E060061F192 /* DateFormatter+Headlines.swift in Sources */ = {isa = PBXBuildFile; fileRef = 9F14B0FD26DE9E060061F192 /* DateFormatter+Headlines.swift */; };
		9F14B10026DEB2730061F192 /* RealmMode.swift in Sources */ = {isa = PBXBuildFile; fileRef = 9F14B0FF26DEB2730061F192 /* RealmMode.swift */; };
		9FBF797026D94E28003EAD49 /* OHHTTPStubsSwift in Frameworks */ = {isa = PBXBuildFile; productRef = 9FBF796F26D94E28003EAD49 /* OHHTTPStubsSwift */; };
		9FBF799A26DA9493003EAD49 /* HeadlinesModel.swift in Sources */ = {isa = PBXBuildFile; fileRef = 9FBF799926DA9493003EAD49 /* HeadlinesModel.swift */; };
		9FBF799F26DA9573003EAD49 /* HeadlinesResponse.swift in Sources */ = {isa = PBXBuildFile; fileRef = 9FBF799C26DA9573003EAD49 /* HeadlinesResponse.swift */; };
		9FBF79A026DA9573003EAD49 /* HeadlinesError.swift in Sources */ = {isa = PBXBuildFile; fileRef = 9FBF799D26DA9573003EAD49 /* HeadlinesError.swift */; };
		9FBF79A126DA9573003EAD49 /* Article.swift in Sources */ = {isa = PBXBuildFile; fileRef = 9FBF799E26DA9573003EAD49 /* Article.swift */; };
		9FBF79A326DA9582003EAD49 /* String+HTML.swift in Sources */ = {isa = PBXBuildFile; fileRef = 9FBF79A226DA9582003EAD49 /* String+HTML.swift */; };
		9FBF79A626DA95AA003EAD49 /* Realm in Frameworks */ = {isa = PBXBuildFile; productRef = 9FBF79A526DA95AA003EAD49 /* Realm */; };
		9FBF79A826DA95AA003EAD49 /* RealmSwift in Frameworks */ = {isa = PBXBuildFile; productRef = 9FBF79A726DA95AA003EAD49 /* RealmSwift */; };
		9FBF79AF26DA9619003EAD49 /* headline_stub_body.txt in Resources */ = {isa = PBXBuildFile; fileRef = 9FBF79AC26DA9619003EAD49 /* headline_stub_body.txt */; };
		9FBF79B126DA9619003EAD49 /* headline_stub.json in Resources */ = {isa = PBXBuildFile; fileRef = 9FBF79AD26DA9619003EAD49 /* headline_stub.json */; };
		9FBF79B326DA9619003EAD49 /* two_headline_stub.json in Resources */ = {isa = PBXBuildFile; fileRef = 9FBF79AE26DA9619003EAD49 /* two_headline_stub.json */; };
		9FBF79BC26DAADAC003EAD49 /* Constants.swift in Sources */ = {isa = PBXBuildFile; fileRef = 9FBF79BA26DAADAC003EAD49 /* Constants.swift */; };
		9FBF79BD26DAADAC003EAD49 /* URLs.swift in Sources */ = {isa = PBXBuildFile; fileRef = 9FBF79BB26DAADAC003EAD49 /* URLs.swift */; };
		9FBF79BF26DAB026003EAD49 /* ArticleStorageService.swift in Sources */ = {isa = PBXBuildFile; fileRef = 9FBF79BE26DAB025003EAD49 /* ArticleStorageService.swift */; };
		9FBF79C326DAEDE5003EAD49 /* URLSession+NetworkService.swift in Sources */ = {isa = PBXBuildFile; fileRef = 9FBF79C226DAEDE5003EAD49 /* URLSession+NetworkService.swift */; };
		9FBF79C526DAEE4F003EAD49 /* HeadlineServices.swift in Sources */ = {isa = PBXBuildFile; fileRef = 9FBF79C426DAEE4F003EAD49 /* HeadlineServices.swift */; };
		9FBF79C726DAF309003EAD49 /* Model+Interaction.swift in Sources */ = {isa = PBXBuildFile; fileRef = 9FBF79C626DAF309003EAD49 /* Model+Interaction.swift */; };
		9FBF79C926DAF4F7003EAD49 /* Services+Init.swift in Sources */ = {isa = PBXBuildFile; fileRef = 9FBF79C826DAF4F7003EAD49 /* Services+Init.swift */; };
		9FBF79CD26DAFE95003EAD49 /* Model+Networking.swift in Sources */ = {isa = PBXBuildFile; fileRef = 9FBF79CC26DAFE95003EAD49 /* Model+Networking.swift */; };
		9FBF79D026DB0866003EAD49 /* MockFixture.swift in Sources */ = {isa = PBXBuildFile; fileRef = 9FBF79CF26DB0866003EAD49 /* MockFixture.swift */; };
		9FBF79D226DB09C2003EAD49 /* two_headline_stub.json in Resources */ = {isa = PBXBuildFile; fileRef = 9FBF79AE26DA9619003EAD49 /* two_headline_stub.json */; };
		9FC3CE2726DB2A840039D626 /* Article+Decodable.swift in Sources */ = {isa = PBXBuildFile; fileRef = 9FC3CE2626DB2A840039D626 /* Article+Decodable.swift */; };
		9FC3CE2926DB36EF0039D626 /* MockServices.swift in Sources */ = {isa = PBXBuildFile; fileRef = 9FC3CE2826DB36EF0039D626 /* MockServices.swift */; };
		9FC3CE2C26DB39C30039D626 /* MockNetworkService.swift in Sources */ = {isa = PBXBuildFile; fileRef = 9FC3CE2B26DB39C30039D626 /* MockNetworkService.swift */; };
		9FC3CE2F26DB3A450039D626 /* MockStorageService.swift in Sources */ = {isa = PBXBuildFile; fileRef = 9FC3CE2E26DB3A450039D626 /* MockStorageService.swift */; };
		9FC3CE3126DB3B6C0039D626 /* MockArticle.swift in Sources */ = {isa = PBXBuildFile; fileRef = 9FBF79B526DA9665003EAD49 /* MockArticle.swift */; };
		9FC3CE3226DB3D880039D626 /* headline_stub_body.txt in Resources */ = {isa = PBXBuildFile; fileRef = 9FBF79AC26DA9619003EAD49 /* headline_stub_body.txt */; };
		9FC3CE3326DB3EBD0039D626 /* two_headline_stub.json in Resources */ = {isa = PBXBuildFile; fileRef = 9FBF79AE26DA9619003EAD49 /* two_headline_stub.json */; };
		9FC3CE3F26DB5C610039D626 /* headline_one_img.jpg in Resources */ = {isa = PBXBuildFile; fileRef = 9FC3CE3E26DB5C610039D626 /* headline_one_img.jpg */; };
		9FC3CE4026DB5C610039D626 /* headline_one_img.jpg in Resources */ = {isa = PBXBuildFile; fileRef = 9FC3CE3E26DB5C610039D626 /* headline_one_img.jpg */; };
		9FC3CE4126DB5C610039D626 /* headline_one_img.jpg in Resources */ = {isa = PBXBuildFile; fileRef = 9FC3CE3E26DB5C610039D626 /* headline_one_img.jpg */; };
		9FC3CE4326DB5D0E0039D626 /* headline_two_img.jpg in Resources */ = {isa = PBXBuildFile; fileRef = 9FC3CE4226DB5D0E0039D626 /* headline_two_img.jpg */; };
		9FC3CE4426DB5D0E0039D626 /* headline_two_img.jpg in Resources */ = {isa = PBXBuildFile; fileRef = 9FC3CE4226DB5D0E0039D626 /* headline_two_img.jpg */; };
		9FC3CE4526DB5D0E0039D626 /* headline_two_img.jpg in Resources */ = {isa = PBXBuildFile; fileRef = 9FC3CE4226DB5D0E0039D626 /* headline_two_img.jpg */; };
		9FC3CE4626DC41760039D626 /* Constants.swift in Sources */ = {isa = PBXBuildFile; fileRef = 9FBF79BA26DAADAC003EAD49 /* Constants.swift */; };
		9FC3CE4826DD13D90039D626 /* HeadlinesJSONParsingTests.swift in Sources */ = {isa = PBXBuildFile; fileRef = 9FC3CE4726DD13D90039D626 /* HeadlinesJSONParsingTests.swift */; };
		9FC3CE4A26DD1F8D0039D626 /* ArticleStorageServiceTests.swift in Sources */ = {isa = PBXBuildFile; fileRef = 9FC3CE4926DD1F8D0039D626 /* ArticleStorageServiceTests.swift */; };
		9FC3D13926DD83160039D626 /* FavouritesView.swift in Sources */ = {isa = PBXBuildFile; fileRef = 9FC3D13826DD83160039D626 /* FavouritesView.swift */; };
		9FC3D13B26DDA31C0039D626 /* ArticleReader.swift in Sources */ = {isa = PBXBuildFile; fileRef = 9FC3D13A26DDA31C0039D626 /* ArticleReader.swift */; };
		9FC3D13D26DDC03A0039D626 /* ArticlesView.swift in Sources */ = {isa = PBXBuildFile; fileRef = 9FC3D13C26DDC03A0039D626 /* ArticlesView.swift */; };
		9FC3D13F26DE6B370039D626 /* Strings.swift in Sources */ = {isa = PBXBuildFile; fileRef = 9FC3D13E26DE6B370039D626 /* Strings.swift */; };
		9FEED98226D8D1CE000819EA /* HeadlinesApp.swift in Sources */ = {isa = PBXBuildFile; fileRef = 9FEED98126D8D1CE000819EA /* HeadlinesApp.swift */; };
		9FEED98426D8D1CE000819EA /* ArticlesContainerView.swift in Sources */ = {isa = PBXBuildFile; fileRef = 9FEED98326D8D1CE000819EA /* ArticlesContainerView.swift */; };
		9FEED98626D8D1D4000819EA /* Assets.xcassets in Resources */ = {isa = PBXBuildFile; fileRef = 9FEED98526D8D1D4000819EA /* Assets.xcassets */; };
		9FEED98926D8D1D4000819EA /* Preview Assets.xcassets in Resources */ = {isa = PBXBuildFile; fileRef = 9FEED98826D8D1D4000819EA /* Preview Assets.xcassets */; };
		9FEED99426D8D1D4000819EA /* HeadlinesModelTests.swift in Sources */ = {isa = PBXBuildFile; fileRef = 9FEED99326D8D1D4000819EA /* HeadlinesModelTests.swift */; };
		9FEED99F26D8D1D4000819EA /* HeadlinesUITests.swift in Sources */ = {isa = PBXBuildFile; fileRef = 9FEED99E26D8D1D4000819EA /* HeadlinesUITests.swift */; };
/* End PBXBuildFile section */

/* Begin PBXContainerItemProxy section */
		9F14B10126DEC2440061F192 /* PBXContainerItemProxy */ = {
			isa = PBXContainerItemProxy;
			containerPortal = 9FEED97626D8D1CE000819EA /* Project object */;
			proxyType = 1;
			remoteGlobalIDString = 9FEED97D26D8D1CE000819EA;
			remoteInfo = Headlines;
		};
		9FEED99026D8D1D4000819EA /* PBXContainerItemProxy */ = {
			isa = PBXContainerItemProxy;
			containerPortal = 9FEED97626D8D1CE000819EA /* Project object */;
			proxyType = 1;
			remoteGlobalIDString = 9FEED97D26D8D1CE000819EA;
			remoteInfo = Headlines;
		};
/* End PBXContainerItemProxy section */

/* Begin PBXFileReference section */
		9F14B0FB26DE8F0C0061F192 /* FavouritesCell.swift */ = {isa = PBXFileReference; lastKnownFileType = sourcecode.swift; path = FavouritesCell.swift; sourceTree = "<group>"; };
		9F14B0FD26DE9E060061F192 /* DateFormatter+Headlines.swift */ = {isa = PBXFileReference; lastKnownFileType = sourcecode.swift; path = "DateFormatter+Headlines.swift"; sourceTree = "<group>"; };
		9F14B0FF26DEB2730061F192 /* RealmMode.swift */ = {isa = PBXFileReference; lastKnownFileType = sourcecode.swift; path = RealmMode.swift; sourceTree = "<group>"; };
		9FBF799926DA9493003EAD49 /* HeadlinesModel.swift */ = {isa = PBXFileReference; fileEncoding = 4; lastKnownFileType = sourcecode.swift; path = HeadlinesModel.swift; sourceTree = "<group>"; };
		9FBF799C26DA9573003EAD49 /* HeadlinesResponse.swift */ = {isa = PBXFileReference; fileEncoding = 4; lastKnownFileType = sourcecode.swift; path = HeadlinesResponse.swift; sourceTree = "<group>"; };
		9FBF799D26DA9573003EAD49 /* HeadlinesError.swift */ = {isa = PBXFileReference; fileEncoding = 4; lastKnownFileType = sourcecode.swift; path = HeadlinesError.swift; sourceTree = "<group>"; };
		9FBF799E26DA9573003EAD49 /* Article.swift */ = {isa = PBXFileReference; fileEncoding = 4; lastKnownFileType = sourcecode.swift; path = Article.swift; sourceTree = "<group>"; };
		9FBF79A226DA9582003EAD49 /* String+HTML.swift */ = {isa = PBXFileReference; fileEncoding = 4; lastKnownFileType = sourcecode.swift; path = "String+HTML.swift"; sourceTree = "<group>"; };
		9FBF79AC26DA9619003EAD49 /* headline_stub_body.txt */ = {isa = PBXFileReference; fileEncoding = 4; lastKnownFileType = text; path = headline_stub_body.txt; sourceTree = "<group>"; };
		9FBF79AD26DA9619003EAD49 /* headline_stub.json */ = {isa = PBXFileReference; fileEncoding = 4; lastKnownFileType = text.json; path = headline_stub.json; sourceTree = "<group>"; };
		9FBF79AE26DA9619003EAD49 /* two_headline_stub.json */ = {isa = PBXFileReference; fileEncoding = 4; lastKnownFileType = text.json; path = two_headline_stub.json; sourceTree = "<group>"; };
		9FBF79B526DA9665003EAD49 /* MockArticle.swift */ = {isa = PBXFileReference; fileEncoding = 4; lastKnownFileType = sourcecode.swift; path = MockArticle.swift; sourceTree = "<group>"; };
		9FBF79BA26DAADAC003EAD49 /* Constants.swift */ = {isa = PBXFileReference; fileEncoding = 4; lastKnownFileType = sourcecode.swift; path = Constants.swift; sourceTree = "<group>"; };
		9FBF79BB26DAADAC003EAD49 /* URLs.swift */ = {isa = PBXFileReference; fileEncoding = 4; lastKnownFileType = sourcecode.swift; path = URLs.swift; sourceTree = "<group>"; };
		9FBF79BE26DAB025003EAD49 /* ArticleStorageService.swift */ = {isa = PBXFileReference; fileEncoding = 4; lastKnownFileType = sourcecode.swift; path = ArticleStorageService.swift; sourceTree = "<group>"; };
		9FBF79C226DAEDE5003EAD49 /* URLSession+NetworkService.swift */ = {isa = PBXFileReference; fileEncoding = 4; lastKnownFileType = sourcecode.swift; path = "URLSession+NetworkService.swift"; sourceTree = "<group>"; };
		9FBF79C426DAEE4F003EAD49 /* HeadlineServices.swift */ = {isa = PBXFileReference; fileEncoding = 4; lastKnownFileType = sourcecode.swift; path = HeadlineServices.swift; sourceTree = "<group>"; };
		9FBF79C626DAF309003EAD49 /* Model+Interaction.swift */ = {isa = PBXFileReference; fileEncoding = 4; lastKnownFileType = sourcecode.swift; path = "Model+Interaction.swift"; sourceTree = "<group>"; };
		9FBF79C826DAF4F7003EAD49 /* Services+Init.swift */ = {isa = PBXFileReference; lastKnownFileType = sourcecode.swift; path = "Services+Init.swift"; sourceTree = "<group>"; };
		9FBF79CC26DAFE95003EAD49 /* Model+Networking.swift */ = {isa = PBXFileReference; lastKnownFileType = sourcecode.swift; path = "Model+Networking.swift"; sourceTree = "<group>"; };
		9FBF79CF26DB0866003EAD49 /* MockFixture.swift */ = {isa = PBXFileReference; lastKnownFileType = sourcecode.swift; path = MockFixture.swift; sourceTree = "<group>"; };
		9FC3CE2626DB2A840039D626 /* Article+Decodable.swift */ = {isa = PBXFileReference; lastKnownFileType = sourcecode.swift; path = "Article+Decodable.swift"; sourceTree = "<group>"; };
		9FC3CE2826DB36EF0039D626 /* MockServices.swift */ = {isa = PBXFileReference; lastKnownFileType = sourcecode.swift; path = MockServices.swift; sourceTree = "<group>"; };
		9FC3CE2B26DB39C30039D626 /* MockNetworkService.swift */ = {isa = PBXFileReference; lastKnownFileType = sourcecode.swift; path = MockNetworkService.swift; sourceTree = "<group>"; };
		9FC3CE2E26DB3A450039D626 /* MockStorageService.swift */ = {isa = PBXFileReference; lastKnownFileType = sourcecode.swift; path = MockStorageService.swift; sourceTree = "<group>"; };
		9FC3CE3E26DB5C610039D626 /* headline_one_img.jpg */ = {isa = PBXFileReference; lastKnownFileType = image.jpeg; path = headline_one_img.jpg; sourceTree = "<group>"; };
		9FC3CE4226DB5D0E0039D626 /* headline_two_img.jpg */ = {isa = PBXFileReference; lastKnownFileType = image.jpeg; path = headline_two_img.jpg; sourceTree = "<group>"; };
		9FC3CE4726DD13D90039D626 /* HeadlinesJSONParsingTests.swift */ = {isa = PBXFileReference; lastKnownFileType = sourcecode.swift; path = HeadlinesJSONParsingTests.swift; sourceTree = "<group>"; };
		9FC3CE4926DD1F8D0039D626 /* ArticleStorageServiceTests.swift */ = {isa = PBXFileReference; lastKnownFileType = sourcecode.swift; path = ArticleStorageServiceTests.swift; sourceTree = "<group>"; };
		9FC3D13826DD83160039D626 /* FavouritesView.swift */ = {isa = PBXFileReference; lastKnownFileType = sourcecode.swift; path = FavouritesView.swift; sourceTree = "<group>"; };
		9FC3D13A26DDA31C0039D626 /* ArticleReader.swift */ = {isa = PBXFileReference; lastKnownFileType = sourcecode.swift; path = ArticleReader.swift; sourceTree = "<group>"; };
		9FC3D13C26DDC03A0039D626 /* ArticlesView.swift */ = {isa = PBXFileReference; lastKnownFileType = sourcecode.swift; path = ArticlesView.swift; sourceTree = "<group>"; };
		9FC3D13E26DE6B370039D626 /* Strings.swift */ = {isa = PBXFileReference; lastKnownFileType = sourcecode.swift; path = Strings.swift; sourceTree = "<group>"; };
		9FEED97E26D8D1CE000819EA /* Headlines.app */ = {isa = PBXFileReference; explicitFileType = wrapper.application; includeInIndex = 0; path = Headlines.app; sourceTree = BUILT_PRODUCTS_DIR; };
		9FEED98126D8D1CE000819EA /* HeadlinesApp.swift */ = {isa = PBXFileReference; lastKnownFileType = sourcecode.swift; path = HeadlinesApp.swift; sourceTree = "<group>"; };
		9FEED98326D8D1CE000819EA /* ArticlesContainerView.swift */ = {isa = PBXFileReference; lastKnownFileType = sourcecode.swift; path = ArticlesContainerView.swift; sourceTree = "<group>"; };
		9FEED98526D8D1D4000819EA /* Assets.xcassets */ = {isa = PBXFileReference; lastKnownFileType = folder.assetcatalog; path = Assets.xcassets; sourceTree = "<group>"; };
		9FEED98826D8D1D4000819EA /* Preview Assets.xcassets */ = {isa = PBXFileReference; lastKnownFileType = folder.assetcatalog; path = "Preview Assets.xcassets"; sourceTree = "<group>"; };
		9FEED98A26D8D1D4000819EA /* Info.plist */ = {isa = PBXFileReference; lastKnownFileType = text.plist.xml; path = Info.plist; sourceTree = "<group>"; };
		9FEED98F26D8D1D4000819EA /* HeadlinesTests.xctest */ = {isa = PBXFileReference; explicitFileType = wrapper.cfbundle; includeInIndex = 0; path = HeadlinesTests.xctest; sourceTree = BUILT_PRODUCTS_DIR; };
		9FEED99326D8D1D4000819EA /* HeadlinesModelTests.swift */ = {isa = PBXFileReference; lastKnownFileType = sourcecode.swift; path = HeadlinesModelTests.swift; sourceTree = "<group>"; };
		9FEED99526D8D1D4000819EA /* Info.plist */ = {isa = PBXFileReference; lastKnownFileType = text.plist.xml; path = Info.plist; sourceTree = "<group>"; };
		9FEED99A26D8D1D4000819EA /* HeadlinesUITests.xctest */ = {isa = PBXFileReference; explicitFileType = wrapper.cfbundle; includeInIndex = 0; path = HeadlinesUITests.xctest; sourceTree = BUILT_PRODUCTS_DIR; };
		9FEED99E26D8D1D4000819EA /* HeadlinesUITests.swift */ = {isa = PBXFileReference; lastKnownFileType = sourcecode.swift; path = HeadlinesUITests.swift; sourceTree = "<group>"; };
		9FEED9A026D8D1D4000819EA /* Info.plist */ = {isa = PBXFileReference; lastKnownFileType = text.plist.xml; path = Info.plist; sourceTree = "<group>"; };
/* End PBXFileReference section */

/* Begin PBXFrameworksBuildPhase section */
		9FEED97B26D8D1CE000819EA /* Frameworks */ = {
			isa = PBXFrameworksBuildPhase;
			buildActionMask = 2147483647;
			files = (
				9FBF79A826DA95AA003EAD49 /* RealmSwift in Frameworks */,
				9FBF79A626DA95AA003EAD49 /* Realm in Frameworks */,
			);
			runOnlyForDeploymentPostprocessing = 0;
		};
		9FEED98C26D8D1D4000819EA /* Frameworks */ = {
			isa = PBXFrameworksBuildPhase;
			buildActionMask = 2147483647;
			files = (
			);
			runOnlyForDeploymentPostprocessing = 0;
		};
		9FEED99726D8D1D4000819EA /* Frameworks */ = {
			isa = PBXFrameworksBuildPhase;
			buildActionMask = 2147483647;
			files = (
				9FBF797026D94E28003EAD49 /* OHHTTPStubsSwift in Frameworks */,
			);
			runOnlyForDeploymentPostprocessing = 0;
		};
/* End PBXFrameworksBuildPhase section */

/* Begin PBXGroup section */
		9F14B10326DEC2A00061F192 /* Views */ = {
			isa = PBXGroup;
			children = (
				9FEED98326D8D1CE000819EA /* ArticlesContainerView.swift */,
				9FC3D13C26DDC03A0039D626 /* ArticlesView.swift */,
				9F14B0FB26DE8F0C0061F192 /* FavouritesCell.swift */,
				9FC3D13826DD83160039D626 /* FavouritesView.swift */,
			);
			path = Views;
			sourceTree = "<group>";
		};
		9FBF797C26D9A69D003EAD49 /* Services */ = {
			isa = PBXGroup;
			children = (
				9FBF79C426DAEE4F003EAD49 /* HeadlineServices.swift */,
				9FBF79C826DAF4F7003EAD49 /* Services+Init.swift */,
				9FBF79C226DAEDE5003EAD49 /* URLSession+NetworkService.swift */,
				9FBF79BE26DAB025003EAD49 /* ArticleStorageService.swift */,
			);
			path = Services;
			sourceTree = "<group>";
		};
		9FBF799B26DA9573003EAD49 /* Model */ = {
			isa = PBXGroup;
			children = (
				9FBF799926DA9493003EAD49 /* HeadlinesModel.swift */,
				9FBF79C626DAF309003EAD49 /* Model+Interaction.swift */,
				9FBF79CC26DAFE95003EAD49 /* Model+Networking.swift */,
				9FBF799C26DA9573003EAD49 /* HeadlinesResponse.swift */,
				9FBF799D26DA9573003EAD49 /* HeadlinesError.swift */,
				9FBF799E26DA9573003EAD49 /* Article.swift */,
				9FC3CE2626DB2A840039D626 /* Article+Decodable.swift */,
				9F14B0FF26DEB2730061F192 /* RealmMode.swift */,
			);
			path = Model;
			sourceTree = "<group>";
		};
		9FBF79AB26DA9619003EAD49 /* MockServices */ = {
			isa = PBXGroup;
			children = (
				9FBF79CE26DB0848003EAD49 /* Stubs */,
				9FBF79B526DA9665003EAD49 /* MockArticle.swift */,
				9FBF79CF26DB0866003EAD49 /* MockFixture.swift */,
				9FC3CE2826DB36EF0039D626 /* MockServices.swift */,
				9FC3CE2B26DB39C30039D626 /* MockNetworkService.swift */,
				9FC3CE2E26DB3A450039D626 /* MockStorageService.swift */,
			);
			path = MockServices;
			sourceTree = "<group>";
		};
		9FBF79B926DAAD0E003EAD49 /* Constants */ = {
			isa = PBXGroup;
			children = (
				9FBF79BA26DAADAC003EAD49 /* Constants.swift */,
				9FC3D13E26DE6B370039D626 /* Strings.swift */,
				9FBF79BB26DAADAC003EAD49 /* URLs.swift */,
			);
			path = Constants;
			sourceTree = "<group>";
		};
		9FBF79CE26DB0848003EAD49 /* Stubs */ = {
			isa = PBXGroup;
			children = (
				9FC3CE4226DB5D0E0039D626 /* headline_two_img.jpg */,
				9FC3CE3E26DB5C610039D626 /* headline_one_img.jpg */,
				9FBF79AC26DA9619003EAD49 /* headline_stub_body.txt */,
				9FBF79AD26DA9619003EAD49 /* headline_stub.json */,
				9FBF79AE26DA9619003EAD49 /* two_headline_stub.json */,
			);
			path = Stubs;
			sourceTree = "<group>";
		};
		9FEED97526D8D1CE000819EA = {
			isa = PBXGroup;
			children = (
				9FEED98026D8D1CE000819EA /* Headlines */,
				9FBF79AB26DA9619003EAD49 /* MockServices */,
				9FEED99226D8D1D4000819EA /* HeadlinesTests */,
				9FEED99D26D8D1D4000819EA /* HeadlinesUITests */,
				9FEED97F26D8D1CE000819EA /* Products */,
				9FEED9C526D8F33E000819EA /* Frameworks */,
			);
			sourceTree = "<group>";
		};
		9FEED97F26D8D1CE000819EA /* Products */ = {
			isa = PBXGroup;
			children = (
				9FEED97E26D8D1CE000819EA /* Headlines.app */,
				9FEED98F26D8D1D4000819EA /* HeadlinesTests.xctest */,
				9FEED99A26D8D1D4000819EA /* HeadlinesUITests.xctest */,
			);
			name = Products;
			sourceTree = "<group>";
		};
		9FEED98026D8D1CE000819EA /* Headlines */ = {
			isa = PBXGroup;
			children = (
				9FEED98126D8D1CE000819EA /* HeadlinesApp.swift */,
				9F14B10326DEC2A00061F192 /* Views */,
				9FBF79B926DAAD0E003EAD49 /* Constants */,
				9FEED9C826D8F456000819EA /* Helpers */,
				9FBF799B26DA9573003EAD49 /* Model */,
				9FBF797C26D9A69D003EAD49 /* Services */,
				9FEED98526D8D1D4000819EA /* Assets.xcassets */,
				9FEED98A26D8D1D4000819EA /* Info.plist */,
				9FEED98726D8D1D4000819EA /* Preview Content */,
			);
			path = Headlines;
			sourceTree = "<group>";
		};
		9FEED98726D8D1D4000819EA /* Preview Content */ = {
			isa = PBXGroup;
			children = (
				9FEED98826D8D1D4000819EA /* Preview Assets.xcassets */,
			);
			path = "Preview Content";
			sourceTree = "<group>";
		};
		9FEED99226D8D1D4000819EA /* HeadlinesTests */ = {
			isa = PBXGroup;
			children = (
				9FC3CE4926DD1F8D0039D626 /* ArticleStorageServiceTests.swift */,
				9FC3CE4726DD13D90039D626 /* HeadlinesJSONParsingTests.swift */,
				9FEED99326D8D1D4000819EA /* HeadlinesModelTests.swift */,
				9FEED99526D8D1D4000819EA /* Info.plist */,
			);
			path = HeadlinesTests;
			sourceTree = "<group>";
		};
		9FEED99D26D8D1D4000819EA /* HeadlinesUITests */ = {
			isa = PBXGroup;
			children = (
				9FEED99E26D8D1D4000819EA /* HeadlinesUITests.swift */,
				9FEED9A026D8D1D4000819EA /* Info.plist */,
			);
			path = HeadlinesUITests;
			sourceTree = "<group>";
		};
		9FEED9C526D8F33E000819EA /* Frameworks */ = {
			isa = PBXGroup;
			children = (
			);
			name = Frameworks;
			sourceTree = "<group>";
		};
		9FEED9C826D8F456000819EA /* Helpers */ = {
			isa = PBXGroup;
			children = (
				9FBF79A226DA9582003EAD49 /* String+HTML.swift */,
				9FC3D13A26DDA31C0039D626 /* ArticleReader.swift */,
				9F14B0FD26DE9E060061F192 /* DateFormatter+Headlines.swift */,
			);
			path = Helpers;
			sourceTree = "<group>";
		};
/* End PBXGroup section */

/* Begin PBXNativeTarget section */
		9FEED97D26D8D1CE000819EA /* Headlines */ = {
			isa = PBXNativeTarget;
			buildConfigurationList = 9FEED9A326D8D1D4000819EA /* Build configuration list for PBXNativeTarget "Headlines" */;
			buildPhases = (
				9FEED97A26D8D1CE000819EA /* Sources */,
				9FEED97B26D8D1CE000819EA /* Frameworks */,
				9FEED97C26D8D1CE000819EA /* Resources */,
			);
			buildRules = (
			);
			dependencies = (
			);
			name = Headlines;
			packageProductDependencies = (
				9FBF79A526DA95AA003EAD49 /* Realm */,
				9FBF79A726DA95AA003EAD49 /* RealmSwift */,
			);
			productName = Headlines;
			productReference = 9FEED97E26D8D1CE000819EA /* Headlines.app */;
			productType = "com.apple.product-type.application";
		};
		9FEED98E26D8D1D4000819EA /* HeadlinesTests */ = {
			isa = PBXNativeTarget;
			buildConfigurationList = 9FEED9A626D8D1D4000819EA /* Build configuration list for PBXNativeTarget "HeadlinesTests" */;
			buildPhases = (
				9FEED98B26D8D1D4000819EA /* Sources */,
				9FEED98C26D8D1D4000819EA /* Frameworks */,
				9FEED98D26D8D1D4000819EA /* Resources */,
			);
			buildRules = (
			);
			dependencies = (
				9FEED99126D8D1D4000819EA /* PBXTargetDependency */,
			);
			name = HeadlinesTests;
			packageProductDependencies = (
			);
			productName = HeadlinesTests;
			productReference = 9FEED98F26D8D1D4000819EA /* HeadlinesTests.xctest */;
			productType = "com.apple.product-type.bundle.unit-test";
		};
		9FEED99926D8D1D4000819EA /* HeadlinesUITests */ = {
			isa = PBXNativeTarget;
			buildConfigurationList = 9FEED9A926D8D1D4000819EA /* Build configuration list for PBXNativeTarget "HeadlinesUITests" */;
			buildPhases = (
				9FEED99626D8D1D4000819EA /* Sources */,
				9FEED99726D8D1D4000819EA /* Frameworks */,
				9FEED99826D8D1D4000819EA /* Resources */,
			);
			buildRules = (
			);
			dependencies = (
				9F14B10226DEC2440061F192 /* PBXTargetDependency */,
			);
			name = HeadlinesUITests;
			packageProductDependencies = (
				9FBF796F26D94E28003EAD49 /* OHHTTPStubsSwift */,
			);
			productName = HeadlinesUITests;
			productReference = 9FEED99A26D8D1D4000819EA /* HeadlinesUITests.xctest */;
			productType = "com.apple.product-type.bundle.ui-testing";
		};
/* End PBXNativeTarget section */

/* Begin PBXProject section */
		9FEED97626D8D1CE000819EA /* Project object */ = {
			isa = PBXProject;
			attributes = {
				LastSwiftUpdateCheck = 1250;
				LastUpgradeCheck = 1250;
				TargetAttributes = {
					9FEED97D26D8D1CE000819EA = {
						CreatedOnToolsVersion = 12.5.1;
					};
					9FEED98E26D8D1D4000819EA = {
						CreatedOnToolsVersion = 12.5.1;
						TestTargetID = 9FEED97D26D8D1CE000819EA;
					};
					9FEED99926D8D1D4000819EA = {
						CreatedOnToolsVersion = 12.5.1;
					};
				};
			};
			buildConfigurationList = 9FEED97926D8D1CE000819EA /* Build configuration list for PBXProject "Headlines" */;
			compatibilityVersion = "Xcode 9.3";
			developmentRegion = en;
			hasScannedForEncodings = 0;
			knownRegions = (
				en,
				Base,
			);
			mainGroup = 9FEED97526D8D1CE000819EA;
			packageReferences = (
				9FEED9AC26D8EB9A000819EA /* XCRemoteSwiftPackageReference "OHHTTPStubs" */,
				9FBF79A426DA95AA003EAD49 /* XCRemoteSwiftPackageReference "realm-cocoa" */,
			);
			productRefGroup = 9FEED97F26D8D1CE000819EA /* Products */;
			projectDirPath = "";
			projectRoot = "";
			targets = (
				9FEED97D26D8D1CE000819EA /* Headlines */,
				9FEED98E26D8D1D4000819EA /* HeadlinesTests */,
				9FEED99926D8D1D4000819EA /* HeadlinesUITests */,
			);
		};
/* End PBXProject section */

/* Begin PBXResourcesBuildPhase section */
		9FEED97C26D8D1CE000819EA /* Resources */ = {
			isa = PBXResourcesBuildPhase;
			buildActionMask = 2147483647;
			files = (
				9FC3CE3F26DB5C610039D626 /* headline_one_img.jpg in Resources */,
				9FEED98926D8D1D4000819EA /* Preview Assets.xcassets in Resources */,
				9FEED98626D8D1D4000819EA /* Assets.xcassets in Resources */,
				9FC3CE3326DB3EBD0039D626 /* two_headline_stub.json in Resources */,
				9FC3CE4326DB5D0E0039D626 /* headline_two_img.jpg in Resources */,
				9FC3CE3226DB3D880039D626 /* headline_stub_body.txt in Resources */,
			);
			runOnlyForDeploymentPostprocessing = 0;
		};
		9FEED98D26D8D1D4000819EA /* Resources */ = {
			isa = PBXResourcesBuildPhase;
			buildActionMask = 2147483647;
			files = (
				9FBF79AF26DA9619003EAD49 /* headline_stub_body.txt in Resources */,
				9FBF79B126DA9619003EAD49 /* headline_stub.json in Resources */,
				9FC3CE4426DB5D0E0039D626 /* headline_two_img.jpg in Resources */,
				9FC3CE4026DB5C610039D626 /* headline_one_img.jpg in Resources */,
				9FBF79B326DA9619003EAD49 /* two_headline_stub.json in Resources */,
			);
			runOnlyForDeploymentPostprocessing = 0;
		};
		9FEED99826D8D1D4000819EA /* Resources */ = {
			isa = PBXResourcesBuildPhase;
			buildActionMask = 2147483647;
			files = (
				9FC3CE4126DB5C610039D626 /* headline_one_img.jpg in Resources */,
				9FC3CE4526DB5D0E0039D626 /* headline_two_img.jpg in Resources */,
				9FBF79D226DB09C2003EAD49 /* two_headline_stub.json in Resources */,
			);
			runOnlyForDeploymentPostprocessing = 0;
		};
/* End PBXResourcesBuildPhase section */

/* Begin PBXSourcesBuildPhase section */
		9FEED97A26D8D1CE000819EA /* Sources */ = {
			isa = PBXSourcesBuildPhase;
			buildActionMask = 2147483647;
			files = (
				9FBF79BF26DAB026003EAD49 /* ArticleStorageService.swift in Sources */,
				9FEED98426D8D1CE000819EA /* ArticlesContainerView.swift in Sources */,
				9FC3CE2726DB2A840039D626 /* Article+Decodable.swift in Sources */,
				9F14B0FE26DE9E060061F192 /* DateFormatter+Headlines.swift in Sources */,
				9FBF79BD26DAADAC003EAD49 /* URLs.swift in Sources */,
				9FBF79C726DAF309003EAD49 /* Model+Interaction.swift in Sources */,
				9FC3CE2C26DB39C30039D626 /* MockNetworkService.swift in Sources */,
				9FC3CE3126DB3B6C0039D626 /* MockArticle.swift in Sources */,
				9F14B10026DEB2730061F192 /* RealmMode.swift in Sources */,
				9FC3D13F26DE6B370039D626 /* Strings.swift in Sources */,
				9FBF79C526DAEE4F003EAD49 /* HeadlineServices.swift in Sources */,
				9FBF799A26DA9493003EAD49 /* HeadlinesModel.swift in Sources */,
				9FBF79A126DA9573003EAD49 /* Article.swift in Sources */,
				9FBF79A026DA9573003EAD49 /* HeadlinesError.swift in Sources */,
				9FBF79A326DA9582003EAD49 /* String+HTML.swift in Sources */,
				9FBF799F26DA9573003EAD49 /* HeadlinesResponse.swift in Sources */,
				9FC3CE2926DB36EF0039D626 /* MockServices.swift in Sources */,
				9FBF79CD26DAFE95003EAD49 /* Model+Networking.swift in Sources */,
				9FC3D13D26DDC03A0039D626 /* ArticlesView.swift in Sources */,
				9FC3D13B26DDA31C0039D626 /* ArticleReader.swift in Sources */,
				9FEED98226D8D1CE000819EA /* HeadlinesApp.swift in Sources */,
				9FC3D13926DD83160039D626 /* FavouritesView.swift in Sources */,
				9FBF79C926DAF4F7003EAD49 /* Services+Init.swift in Sources */,
				9FBF79D026DB0866003EAD49 /* MockFixture.swift in Sources */,
				9FC3CE2F26DB3A450039D626 /* MockStorageService.swift in Sources */,
				9FBF79BC26DAADAC003EAD49 /* Constants.swift in Sources */,
				9FBF79C326DAEDE5003EAD49 /* URLSession+NetworkService.swift in Sources */,
				9F14B0FC26DE8F0C0061F192 /* FavouritesCell.swift in Sources */,
			);
			runOnlyForDeploymentPostprocessing = 0;
		};
		9FEED98B26D8D1D4000819EA /* Sources */ = {
			isa = PBXSourcesBuildPhase;
			buildActionMask = 2147483647;
			files = (
				9FC3CE4826DD13D90039D626 /* HeadlinesJSONParsingTests.swift in Sources */,
				9FEED99426D8D1D4000819EA /* HeadlinesModelTests.swift in Sources */,
				9FC3CE4A26DD1F8D0039D626 /* ArticleStorageServiceTests.swift in Sources */,
			);
			runOnlyForDeploymentPostprocessing = 0;
		};
		9FEED99626D8D1D4000819EA /* Sources */ = {
			isa = PBXSourcesBuildPhase;
			buildActionMask = 2147483647;
			files = (
				9FEED99F26D8D1D4000819EA /* HeadlinesUITests.swift in Sources */,
				9FC3CE4626DC41760039D626 /* Constants.swift in Sources */,
			);
			runOnlyForDeploymentPostprocessing = 0;
		};
/* End PBXSourcesBuildPhase section */

/* Begin PBXTargetDependency section */
		9F14B10226DEC2440061F192 /* PBXTargetDependency */ = {
			isa = PBXTargetDependency;
			target = 9FEED97D26D8D1CE000819EA /* Headlines */;
			targetProxy = 9F14B10126DEC2440061F192 /* PBXContainerItemProxy */;
		};
		9FEED99126D8D1D4000819EA /* PBXTargetDependency */ = {
			isa = PBXTargetDependency;
			target = 9FEED97D26D8D1CE000819EA /* Headlines */;
			targetProxy = 9FEED99026D8D1D4000819EA /* PBXContainerItemProxy */;
		};
/* End PBXTargetDependency section */

/* Begin XCBuildConfiguration section */
		9FEED9A126D8D1D4000819EA /* Debug */ = {
			isa = XCBuildConfiguration;
			buildSettings = {
				ALWAYS_SEARCH_USER_PATHS = NO;
				CLANG_ANALYZER_NONNULL = YES;
				CLANG_ANALYZER_NUMBER_OBJECT_CONVERSION = YES_AGGRESSIVE;
				CLANG_CXX_LANGUAGE_STANDARD = "gnu++14";
				CLANG_CXX_LIBRARY = "libc++";
				CLANG_ENABLE_MODULES = YES;
				CLANG_ENABLE_OBJC_ARC = YES;
				CLANG_ENABLE_OBJC_WEAK = YES;
				CLANG_WARN_BLOCK_CAPTURE_AUTORELEASING = YES;
				CLANG_WARN_BOOL_CONVERSION = YES;
				CLANG_WARN_COMMA = YES;
				CLANG_WARN_CONSTANT_CONVERSION = YES;
				CLANG_WARN_DEPRECATED_OBJC_IMPLEMENTATIONS = YES;
				CLANG_WARN_DIRECT_OBJC_ISA_USAGE = YES_ERROR;
				CLANG_WARN_DOCUMENTATION_COMMENTS = YES;
				CLANG_WARN_EMPTY_BODY = YES;
				CLANG_WARN_ENUM_CONVERSION = YES;
				CLANG_WARN_INFINITE_RECURSION = YES;
				CLANG_WARN_INT_CONVERSION = YES;
				CLANG_WARN_NON_LITERAL_NULL_CONVERSION = YES;
				CLANG_WARN_OBJC_IMPLICIT_RETAIN_SELF = YES;
				CLANG_WARN_OBJC_LITERAL_CONVERSION = YES;
				CLANG_WARN_OBJC_ROOT_CLASS = YES_ERROR;
				CLANG_WARN_QUOTED_INCLUDE_IN_FRAMEWORK_HEADER = YES;
				CLANG_WARN_RANGE_LOOP_ANALYSIS = YES;
				CLANG_WARN_STRICT_PROTOTYPES = YES;
				CLANG_WARN_SUSPICIOUS_MOVE = YES;
				CLANG_WARN_UNGUARDED_AVAILABILITY = YES_AGGRESSIVE;
				CLANG_WARN_UNREACHABLE_CODE = YES;
				CLANG_WARN__DUPLICATE_METHOD_MATCH = YES;
				COPY_PHASE_STRIP = NO;
				DEBUG_INFORMATION_FORMAT = dwarf;
				ENABLE_STRICT_OBJC_MSGSEND = YES;
				ENABLE_TESTABILITY = YES;
				GCC_C_LANGUAGE_STANDARD = gnu11;
				GCC_DYNAMIC_NO_PIC = NO;
				GCC_NO_COMMON_BLOCKS = YES;
				GCC_OPTIMIZATION_LEVEL = 0;
				GCC_PREPROCESSOR_DEFINITIONS = (
					"DEBUG=1",
					"$(inherited)",
				);
				GCC_WARN_64_TO_32_BIT_CONVERSION = YES;
				GCC_WARN_ABOUT_RETURN_TYPE = YES_ERROR;
				GCC_WARN_UNDECLARED_SELECTOR = YES;
				GCC_WARN_UNINITIALIZED_AUTOS = YES_AGGRESSIVE;
				GCC_WARN_UNUSED_FUNCTION = YES;
				GCC_WARN_UNUSED_VARIABLE = YES;
				IPHONEOS_DEPLOYMENT_TARGET = 14.5;
				MTL_ENABLE_DEBUG_INFO = INCLUDE_SOURCE;
				MTL_FAST_MATH = YES;
				ONLY_ACTIVE_ARCH = YES;
				SDKROOT = iphoneos;
				SWIFT_ACTIVE_COMPILATION_CONDITIONS = DEBUG;
				SWIFT_OPTIMIZATION_LEVEL = "-Onone";
			};
			name = Debug;
		};
		9FEED9A226D8D1D4000819EA /* Release */ = {
			isa = XCBuildConfiguration;
			buildSettings = {
				ALWAYS_SEARCH_USER_PATHS = NO;
				CLANG_ANALYZER_NONNULL = YES;
				CLANG_ANALYZER_NUMBER_OBJECT_CONVERSION = YES_AGGRESSIVE;
				CLANG_CXX_LANGUAGE_STANDARD = "gnu++14";
				CLANG_CXX_LIBRARY = "libc++";
				CLANG_ENABLE_MODULES = YES;
				CLANG_ENABLE_OBJC_ARC = YES;
				CLANG_ENABLE_OBJC_WEAK = YES;
				CLANG_WARN_BLOCK_CAPTURE_AUTORELEASING = YES;
				CLANG_WARN_BOOL_CONVERSION = YES;
				CLANG_WARN_COMMA = YES;
				CLANG_WARN_CONSTANT_CONVERSION = YES;
				CLANG_WARN_DEPRECATED_OBJC_IMPLEMENTATIONS = YES;
				CLANG_WARN_DIRECT_OBJC_ISA_USAGE = YES_ERROR;
				CLANG_WARN_DOCUMENTATION_COMMENTS = YES;
				CLANG_WARN_EMPTY_BODY = YES;
				CLANG_WARN_ENUM_CONVERSION = YES;
				CLANG_WARN_INFINITE_RECURSION = YES;
				CLANG_WARN_INT_CONVERSION = YES;
				CLANG_WARN_NON_LITERAL_NULL_CONVERSION = YES;
				CLANG_WARN_OBJC_IMPLICIT_RETAIN_SELF = YES;
				CLANG_WARN_OBJC_LITERAL_CONVERSION = YES;
				CLANG_WARN_OBJC_ROOT_CLASS = YES_ERROR;
				CLANG_WARN_QUOTED_INCLUDE_IN_FRAMEWORK_HEADER = YES;
				CLANG_WARN_RANGE_LOOP_ANALYSIS = YES;
				CLANG_WARN_STRICT_PROTOTYPES = YES;
				CLANG_WARN_SUSPICIOUS_MOVE = YES;
				CLANG_WARN_UNGUARDED_AVAILABILITY = YES_AGGRESSIVE;
				CLANG_WARN_UNREACHABLE_CODE = YES;
				CLANG_WARN__DUPLICATE_METHOD_MATCH = YES;
				COPY_PHASE_STRIP = NO;
				DEBUG_INFORMATION_FORMAT = "dwarf-with-dsym";
				ENABLE_NS_ASSERTIONS = NO;
				ENABLE_STRICT_OBJC_MSGSEND = YES;
				GCC_C_LANGUAGE_STANDARD = gnu11;
				GCC_NO_COMMON_BLOCKS = YES;
				GCC_WARN_64_TO_32_BIT_CONVERSION = YES;
				GCC_WARN_ABOUT_RETURN_TYPE = YES_ERROR;
				GCC_WARN_UNDECLARED_SELECTOR = YES;
				GCC_WARN_UNINITIALIZED_AUTOS = YES_AGGRESSIVE;
				GCC_WARN_UNUSED_FUNCTION = YES;
				GCC_WARN_UNUSED_VARIABLE = YES;
				IPHONEOS_DEPLOYMENT_TARGET = 14.5;
				MTL_ENABLE_DEBUG_INFO = NO;
				MTL_FAST_MATH = YES;
				SDKROOT = iphoneos;
				SWIFT_COMPILATION_MODE = wholemodule;
				SWIFT_OPTIMIZATION_LEVEL = "-O";
				VALIDATE_PRODUCT = YES;
			};
			name = Release;
		};
		9FEED9A426D8D1D4000819EA /* Debug */ = {
			isa = XCBuildConfiguration;
			buildSettings = {
				ASSETCATALOG_COMPILER_APPICON_NAME = AppIcon;
				ASSETCATALOG_COMPILER_GLOBAL_ACCENT_COLOR_NAME = AccentColor;
				CODE_SIGN_STYLE = Automatic;
				DEVELOPMENT_ASSET_PATHS = "\"Headlines/Preview Content\"";
				DEVELOPMENT_TEAM = C3BX32XR8J;
				ENABLE_PREVIEWS = YES;
				INFOPLIST_FILE = Headlines/Info.plist;
				IPHONEOS_DEPLOYMENT_TARGET = 14.0;
				LD_RUNPATH_SEARCH_PATHS = (
					"$(inherited)",
					"@executable_path/Frameworks",
				);
				PRODUCT_BUNDLE_IDENTIFIER = com.kasprasolutions.Headlines;
				PRODUCT_NAME = "$(TARGET_NAME)";
				SWIFT_VERSION = 5.0;
				TARGETED_DEVICE_FAMILY = 1;
			};
			name = Debug;
		};
		9FEED9A526D8D1D4000819EA /* Release */ = {
			isa = XCBuildConfiguration;
			buildSettings = {
				ASSETCATALOG_COMPILER_APPICON_NAME = AppIcon;
				ASSETCATALOG_COMPILER_GLOBAL_ACCENT_COLOR_NAME = AccentColor;
				CODE_SIGN_STYLE = Automatic;
				DEVELOPMENT_ASSET_PATHS = "\"Headlines/Preview Content\"";
				DEVELOPMENT_TEAM = C3BX32XR8J;
				ENABLE_PREVIEWS = YES;
				INFOPLIST_FILE = Headlines/Info.plist;
				IPHONEOS_DEPLOYMENT_TARGET = 14.0;
				LD_RUNPATH_SEARCH_PATHS = (
					"$(inherited)",
					"@executable_path/Frameworks",
				);
				PRODUCT_BUNDLE_IDENTIFIER = com.kasprasolutions.Headlines;
				PRODUCT_NAME = "$(TARGET_NAME)";
				SWIFT_VERSION = 5.0;
				TARGETED_DEVICE_FAMILY = 1;
			};
			name = Release;
		};
		9FEED9A726D8D1D4000819EA /* Debug */ = {
			isa = XCBuildConfiguration;
			buildSettings = {
				ALWAYS_EMBED_SWIFT_STANDARD_LIBRARIES = YES;
				BUNDLE_LOADER = "$(TEST_HOST)";
				CODE_SIGN_STYLE = Automatic;
				DEVELOPMENT_TEAM = C3BX32XR8J;
				INFOPLIST_FILE = HeadlinesTests/Info.plist;
				IPHONEOS_DEPLOYMENT_TARGET = 14.0;
				LD_RUNPATH_SEARCH_PATHS = (
					"$(inherited)",
					"@executable_path/Frameworks",
					"@loader_path/Frameworks",
				);
				PRODUCT_BUNDLE_IDENTIFIER = com.kasprasolutions.HeadlinesTests;
				PRODUCT_NAME = "$(TARGET_NAME)";
				SWIFT_VERSION = 5.0;
				TARGETED_DEVICE_FAMILY = "1,2";
				TEST_HOST = "$(BUILT_PRODUCTS_DIR)/Headlines.app/Headlines";
			};
			name = Debug;
		};
		9FEED9A826D8D1D4000819EA /* Release */ = {
			isa = XCBuildConfiguration;
			buildSettings = {
				ALWAYS_EMBED_SWIFT_STANDARD_LIBRARIES = YES;
				BUNDLE_LOADER = "$(TEST_HOST)";
				CODE_SIGN_STYLE = Automatic;
				DEVELOPMENT_TEAM = C3BX32XR8J;
				INFOPLIST_FILE = HeadlinesTests/Info.plist;
				IPHONEOS_DEPLOYMENT_TARGET = 14.0;
				LD_RUNPATH_SEARCH_PATHS = (
					"$(inherited)",
					"@executable_path/Frameworks",
					"@loader_path/Frameworks",
				);
				PRODUCT_BUNDLE_IDENTIFIER = com.kasprasolutions.HeadlinesTests;
				PRODUCT_NAME = "$(TARGET_NAME)";
				SWIFT_VERSION = 5.0;
				TARGETED_DEVICE_FAMILY = "1,2";
				TEST_HOST = "$(BUILT_PRODUCTS_DIR)/Headlines.app/Headlines";
			};
			name = Release;
		};
		9FEED9AA26D8D1D4000819EA /* Debug */ = {
			isa = XCBuildConfiguration;
			buildSettings = {
				ALWAYS_EMBED_SWIFT_STANDARD_LIBRARIES = YES;
				CODE_SIGN_STYLE = Automatic;
				DEVELOPMENT_TEAM = C3BX32XR8J;
				INFOPLIST_FILE = HeadlinesUITests/Info.plist;
				LD_RUNPATH_SEARCH_PATHS = (
					"$(inherited)",
					"@executable_path/Frameworks",
					"@loader_path/Frameworks",
				);
				PRODUCT_BUNDLE_IDENTIFIER = com.kasprasolutions.HeadlinesUITests;
				PRODUCT_NAME = "$(TARGET_NAME)";
				PROVISIONING_PROFILE = "";
				SWIFT_VERSION = 5.0;
				TARGETED_DEVICE_FAMILY = "1,2";
			};
			name = Debug;
		};
		9FEED9AB26D8D1D4000819EA /* Release */ = {
			isa = XCBuildConfiguration;
			buildSettings = {
				ALWAYS_EMBED_SWIFT_STANDARD_LIBRARIES = YES;
				CODE_SIGN_STYLE = Automatic;
				DEVELOPMENT_TEAM = C3BX32XR8J;
				INFOPLIST_FILE = HeadlinesUITests/Info.plist;
				LD_RUNPATH_SEARCH_PATHS = (
					"$(inherited)",
					"@executable_path/Frameworks",
					"@loader_path/Frameworks",
				);
				PRODUCT_BUNDLE_IDENTIFIER = com.kasprasolutions.HeadlinesUITests;
				PRODUCT_NAME = "$(TARGET_NAME)";
				PROVISIONING_PROFILE = "";
				SWIFT_VERSION = 5.0;
				TARGETED_DEVICE_FAMILY = "1,2";
			};
			name = Release;
		};
/* End XCBuildConfiguration section */

/* Begin XCConfigurationList section */
		9FEED97926D8D1CE000819EA /* Build configuration list for PBXProject "Headlines" */ = {
			isa = XCConfigurationList;
			buildConfigurations = (
				9FEED9A126D8D1D4000819EA /* Debug */,
				9FEED9A226D8D1D4000819EA /* Release */,
			);
			defaultConfigurationIsVisible = 0;
			defaultConfigurationName = Release;
		};
		9FEED9A326D8D1D4000819EA /* Build configuration list for PBXNativeTarget "Headlines" */ = {
			isa = XCConfigurationList;
			buildConfigurations = (
				9FEED9A426D8D1D4000819EA /* Debug */,
				9FEED9A526D8D1D4000819EA /* Release */,
			);
			defaultConfigurationIsVisible = 0;
			defaultConfigurationName = Release;
		};
		9FEED9A626D8D1D4000819EA /* Build configuration list for PBXNativeTarget "HeadlinesTests" */ = {
			isa = XCConfigurationList;
			buildConfigurations = (
				9FEED9A726D8D1D4000819EA /* Debug */,
				9FEED9A826D8D1D4000819EA /* Release */,
			);
			defaultConfigurationIsVisible = 0;
			defaultConfigurationName = Release;
		};
		9FEED9A926D8D1D4000819EA /* Build configuration list for PBXNativeTarget "HeadlinesUITests" */ = {
			isa = XCConfigurationList;
			buildConfigurations = (
				9FEED9AA26D8D1D4000819EA /* Debug */,
				9FEED9AB26D8D1D4000819EA /* Release */,
			);
			defaultConfigurationIsVisible = 0;
			defaultConfigurationName = Release;
		};
/* End XCConfigurationList section */

/* Begin XCRemoteSwiftPackageReference section */
		9FBF79A426DA95AA003EAD49 /* XCRemoteSwiftPackageReference "realm-cocoa" */ = {
			isa = XCRemoteSwiftPackageReference;
			repositoryURL = "https://github.com/realm/realm-cocoa";
			requirement = {
				kind = upToNextMajorVersion;
				minimumVersion = 10.13.0;
			};
		};
		9FEED9AC26D8EB9A000819EA /* XCRemoteSwiftPackageReference "OHHTTPStubs" */ = {
			isa = XCRemoteSwiftPackageReference;
			repositoryURL = "https://github.com/AliSoftware/OHHTTPStubs";
			requirement = {
				kind = upToNextMajorVersion;
				minimumVersion = 9.1.0;
			};
		};
/* End XCRemoteSwiftPackageReference section */

/* Begin XCSwiftPackageProductDependency section */
		9FBF796F26D94E28003EAD49 /* OHHTTPStubsSwift */ = {
			isa = XCSwiftPackageProductDependency;
			package = 9FEED9AC26D8EB9A000819EA /* XCRemoteSwiftPackageReference "OHHTTPStubs" */;
			productName = OHHTTPStubsSwift;
		};
		9FBF79A526DA95AA003EAD49 /* Realm */ = {
			isa = XCSwiftPackageProductDependency;
			package = 9FBF79A426DA95AA003EAD49 /* XCRemoteSwiftPackageReference "realm-cocoa" */;
			productName = Realm;
		};
		9FBF79A726DA95AA003EAD49 /* RealmSwift */ = {
			isa = XCSwiftPackageProductDependency;
			package = 9FBF79A426DA95AA003EAD49 /* XCRemoteSwiftPackageReference "realm-cocoa" */;
			productName = RealmSwift;
		};
/* End XCSwiftPackageProductDependency section */
	};
	rootObject = 9FEED97626D8D1CE000819EA /* Project object */;
}
