// !$*UTF8*$!
{
	archiveVersion = 1;
	classes = {
	};
	objectVersion = 52;
	objects = {

/* Begin PBXBuildFile section */
		9FBF795D26D91330003EAD49 /* HeadlineResponse.swift in Sources */ = {isa = PBXBuildFile; fileRef = 9FBF795C26D91330003EAD49 /* HeadlineResponse.swift */; };
		9FEED98226D8D1CE000819EA /* HeadlinesApp.swift in Sources */ = {isa = PBXBuildFile; fileRef = 9FEED98126D8D1CE000819EA /* HeadlinesApp.swift */; };
		9FEED98426D8D1CE000819EA /* ContentView.swift in Sources */ = {isa = PBXBuildFile; fileRef = 9FEED98326D8D1CE000819EA /* ContentView.swift */; };
		9FEED98626D8D1D4000819EA /* Assets.xcassets in Resources */ = {isa = PBXBuildFile; fileRef = 9FEED98526D8D1D4000819EA /* Assets.xcassets */; };
		9FEED98926D8D1D4000819EA /* Preview Assets.xcassets in Resources */ = {isa = PBXBuildFile; fileRef = 9FEED98826D8D1D4000819EA /* Preview Assets.xcassets */; };
		9FEED99426D8D1D4000819EA /* HeadlinesTests.swift in Sources */ = {isa = PBXBuildFile; fileRef = 9FEED99326D8D1D4000819EA /* HeadlinesTests.swift */; };
		9FEED99F26D8D1D4000819EA /* HeadlinesUITests.swift in Sources */ = {isa = PBXBuildFile; fileRef = 9FEED99E26D8D1D4000819EA /* HeadlinesUITests.swift */; };
		9FEED9AE26D8EB9A000819EA /* OHHTTPStubsSwift in Frameworks */ = {isa = PBXBuildFile; productRef = 9FEED9AD26D8EB9A000819EA /* OHHTTPStubsSwift */; };
		9FEED9B426D8EC18000819EA /* RealmSwift in Frameworks */ = {isa = PBXBuildFile; productRef = 9FEED9B326D8EC18000819EA /* RealmSwift */; };
		9FEED9C326D8F1F3000819EA /* HeadlinesError.swift in Sources */ = {isa = PBXBuildFile; fileRef = 9FEED9C126D8F1F3000819EA /* HeadlinesError.swift */; };
		9FEED9C426D8F1F3000819EA /* Article.swift in Sources */ = {isa = PBXBuildFile; fileRef = 9FEED9C226D8F1F3000819EA /* Article.swift */; };
		9FEED9CC26D8F572000819EA /* String+HTML.swift in Sources */ = {isa = PBXBuildFile; fileRef = 9FEED9CB26D8F572000819EA /* String+HTML.swift */; };
		9FEED9CF26D8F986000819EA /* Realm in Frameworks */ = {isa = PBXBuildFile; productRef = 9FEED9CE26D8F986000819EA /* Realm */; };
/* End PBXBuildFile section */

/* Begin PBXContainerItemProxy section */
		9FEED99026D8D1D4000819EA /* PBXContainerItemProxy */ = {
			isa = PBXContainerItemProxy;
			containerPortal = 9FEED97626D8D1CE000819EA /* Project object */;
			proxyType = 1;
			remoteGlobalIDString = 9FEED97D26D8D1CE000819EA;
			remoteInfo = Headlines;
		};
		9FEED99B26D8D1D4000819EA /* PBXContainerItemProxy */ = {
			isa = PBXContainerItemProxy;
			containerPortal = 9FEED97626D8D1CE000819EA /* Project object */;
			proxyType = 1;
			remoteGlobalIDString = 9FEED97D26D8D1CE000819EA;
			remoteInfo = Headlines;
		};
/* End PBXContainerItemProxy section */

/* Begin PBXFileReference section */
		9FBF795C26D91330003EAD49 /* HeadlineResponse.swift */ = {isa = PBXFileReference; fileEncoding = 4; lastKnownFileType = sourcecode.swift; path = HeadlineResponse.swift; sourceTree = "<group>"; };
		9FEED97E26D8D1CE000819EA /* Headlines.app */ = {isa = PBXFileReference; explicitFileType = wrapper.application; includeInIndex = 0; path = Headlines.app; sourceTree = BUILT_PRODUCTS_DIR; };
		9FEED98126D8D1CE000819EA /* HeadlinesApp.swift */ = {isa = PBXFileReference; lastKnownFileType = sourcecode.swift; path = HeadlinesApp.swift; sourceTree = "<group>"; };
		9FEED98326D8D1CE000819EA /* ContentView.swift */ = {isa = PBXFileReference; lastKnownFileType = sourcecode.swift; path = ContentView.swift; sourceTree = "<group>"; };
		9FEED98526D8D1D4000819EA /* Assets.xcassets */ = {isa = PBXFileReference; lastKnownFileType = folder.assetcatalog; path = Assets.xcassets; sourceTree = "<group>"; };
		9FEED98826D8D1D4000819EA /* Preview Assets.xcassets */ = {isa = PBXFileReference; lastKnownFileType = folder.assetcatalog; path = "Preview Assets.xcassets"; sourceTree = "<group>"; };
		9FEED98A26D8D1D4000819EA /* Info.plist */ = {isa = PBXFileReference; lastKnownFileType = text.plist.xml; path = Info.plist; sourceTree = "<group>"; };
		9FEED98F26D8D1D4000819EA /* HeadlinesTests.xctest */ = {isa = PBXFileReference; explicitFileType = wrapper.cfbundle; includeInIndex = 0; path = HeadlinesTests.xctest; sourceTree = BUILT_PRODUCTS_DIR; };
		9FEED99326D8D1D4000819EA /* HeadlinesTests.swift */ = {isa = PBXFileReference; lastKnownFileType = sourcecode.swift; path = HeadlinesTests.swift; sourceTree = "<group>"; };
		9FEED99526D8D1D4000819EA /* Info.plist */ = {isa = PBXFileReference; lastKnownFileType = text.plist.xml; path = Info.plist; sourceTree = "<group>"; };
		9FEED99A26D8D1D4000819EA /* HeadlinesUITests.xctest */ = {isa = PBXFileReference; explicitFileType = wrapper.cfbundle; includeInIndex = 0; path = HeadlinesUITests.xctest; sourceTree = BUILT_PRODUCTS_DIR; };
		9FEED99E26D8D1D4000819EA /* HeadlinesUITests.swift */ = {isa = PBXFileReference; lastKnownFileType = sourcecode.swift; path = HeadlinesUITests.swift; sourceTree = "<group>"; };
		9FEED9A026D8D1D4000819EA /* Info.plist */ = {isa = PBXFileReference; lastKnownFileType = text.plist.xml; path = Info.plist; sourceTree = "<group>"; };
		9FEED9C126D8F1F3000819EA /* HeadlinesError.swift */ = {isa = PBXFileReference; fileEncoding = 4; lastKnownFileType = sourcecode.swift; path = HeadlinesError.swift; sourceTree = "<group>"; };
		9FEED9C226D8F1F3000819EA /* Article.swift */ = {isa = PBXFileReference; fileEncoding = 4; lastKnownFileType = sourcecode.swift; path = Article.swift; sourceTree = "<group>"; };
		9FEED9CB26D8F572000819EA /* String+HTML.swift */ = {isa = PBXFileReference; fileEncoding = 4; lastKnownFileType = sourcecode.swift; path = "String+HTML.swift"; sourceTree = "<group>"; };
/* End PBXFileReference section */

/* Begin PBXFrameworksBuildPhase section */
		9FEED97B26D8D1CE000819EA /* Frameworks */ = {
			isa = PBXFrameworksBuildPhase;
			buildActionMask = 2147483647;
			files = (
				9FEED9CF26D8F986000819EA /* Realm in Frameworks */,
				9FEED9B426D8EC18000819EA /* RealmSwift in Frameworks */,
				9FEED9AE26D8EB9A000819EA /* OHHTTPStubsSwift in Frameworks */,
			);
			runOnlyForDeploymentPostprocessing = 0;
		};
		9FEED98C26D8D1D4000819EA /* Frameworks */ = {
			isa = PBXFrameworksBuildPhase;
			buildActionMask = 2147483647;
			files = (
			);
			runOnlyForDeploymentPostprocessing = 0;
		};
		9FEED99726D8D1D4000819EA /* Frameworks */ = {
			isa = PBXFrameworksBuildPhase;
			buildActionMask = 2147483647;
			files = (
			);
			runOnlyForDeploymentPostprocessing = 0;
		};
/* End PBXFrameworksBuildPhase section */

/* Begin PBXGroup section */
		9FEED97526D8D1CE000819EA = {
			isa = PBXGroup;
			children = (
				9FEED98026D8D1CE000819EA /* Headlines */,
				9FEED99226D8D1D4000819EA /* HeadlinesTests */,
				9FEED99D26D8D1D4000819EA /* HeadlinesUITests */,
				9FEED97F26D8D1CE000819EA /* Products */,
				9FEED9C526D8F33E000819EA /* Frameworks */,
			);
			sourceTree = "<group>";
		};
		9FEED97F26D8D1CE000819EA /* Products */ = {
			isa = PBXGroup;
			children = (
				9FEED97E26D8D1CE000819EA /* Headlines.app */,
				9FEED98F26D8D1D4000819EA /* HeadlinesTests.xctest */,
				9FEED99A26D8D1D4000819EA /* HeadlinesUITests.xctest */,
			);
			name = Products;
			sourceTree = "<group>";
		};
		9FEED98026D8D1CE000819EA /* Headlines */ = {
			isa = PBXGroup;
			children = (
				9FEED98126D8D1CE000819EA /* HeadlinesApp.swift */,
				9FEED98326D8D1CE000819EA /* ContentView.swift */,
				9FEED9C826D8F456000819EA /* Helpers */,
				9FEED9C026D8F1F3000819EA /* Model */,
				9FEED98526D8D1D4000819EA /* Assets.xcassets */,
				9FEED98A26D8D1D4000819EA /* Info.plist */,
				9FEED98726D8D1D4000819EA /* Preview Content */,
			);
			path = Headlines;
			sourceTree = "<group>";
		};
		9FEED98726D8D1D4000819EA /* Preview Content */ = {
			isa = PBXGroup;
			children = (
				9FEED98826D8D1D4000819EA /* Preview Assets.xcassets */,
			);
			path = "Preview Content";
			sourceTree = "<group>";
		};
		9FEED99226D8D1D4000819EA /* HeadlinesTests */ = {
			isa = PBXGroup;
			children = (
				9FEED99326D8D1D4000819EA /* HeadlinesTests.swift */,
				9FEED99526D8D1D4000819EA /* Info.plist */,
			);
			path = HeadlinesTests;
			sourceTree = "<group>";
		};
		9FEED99D26D8D1D4000819EA /* HeadlinesUITests */ = {
			isa = PBXGroup;
			children = (
				9FEED99E26D8D1D4000819EA /* HeadlinesUITests.swift */,
				9FEED9A026D8D1D4000819EA /* Info.plist */,
			);
			path = HeadlinesUITests;
			sourceTree = "<group>";
		};
		9FEED9C026D8F1F3000819EA /* Model */ = {
			isa = PBXGroup;
			children = (
				9FEED9C126D8F1F3000819EA /* HeadlinesError.swift */,
				9FBF795C26D91330003EAD49 /* HeadlineResponse.swift */,
				9FEED9C226D8F1F3000819EA /* Article.swift */,
			);
			path = Model;
			sourceTree = "<group>";
		};
		9FEED9C526D8F33E000819EA /* Frameworks */ = {
			isa = PBXGroup;
			children = (
			);
			name = Frameworks;
			sourceTree = "<group>";
		};
		9FEED9C826D8F456000819EA /* Helpers */ = {
			isa = PBXGroup;
			children = (
				9FEED9CB26D8F572000819EA /* String+HTML.swift */,
			);
			path = Helpers;
			sourceTree = "<group>";
		};
/* End PBXGroup section */

/* Begin PBXNativeTarget section */
		9FEED97D26D8D1CE000819EA /* Headlines */ = {
			isa = PBXNativeTarget;
			buildConfigurationList = 9FEED9A326D8D1D4000819EA /* Build configuration list for PBXNativeTarget "Headlines" */;
			buildPhases = (
				9FEED97A26D8D1CE000819EA /* Sources */,
				9FEED97B26D8D1CE000819EA /* Frameworks */,
				9FEED97C26D8D1CE000819EA /* Resources */,
			);
			buildRules = (
			);
			dependencies = (
			);
			name = Headlines;
			packageProductDependencies = (
				9FEED9AD26D8EB9A000819EA /* OHHTTPStubsSwift */,
				9FEED9B326D8EC18000819EA /* RealmSwift */,
				9FEED9CE26D8F986000819EA /* Realm */,
			);
			productName = Headlines;
			productReference = 9FEED97E26D8D1CE000819EA /* Headlines.app */;
			productType = "com.apple.product-type.application";
		};
		9FEED98E26D8D1D4000819EA /* HeadlinesTests */ = {
			isa = PBXNativeTarget;
			buildConfigurationList = 9FEED9A626D8D1D4000819EA /* Build configuration list for PBXNativeTarget "HeadlinesTests" */;
			buildPhases = (
				9FEED98B26D8D1D4000819EA /* Sources */,
				9FEED98C26D8D1D4000819EA /* Frameworks */,
				9FEED98D26D8D1D4000819EA /* Resources */,
			);
			buildRules = (
			);
			dependencies = (
				9FEED99126D8D1D4000819EA /* PBXTargetDependency */,
			);
			name = HeadlinesTests;
			productName = HeadlinesTests;
			productReference = 9FEED98F26D8D1D4000819EA /* HeadlinesTests.xctest */;
			productType = "com.apple.product-type.bundle.unit-test";
		};
		9FEED99926D8D1D4000819EA /* HeadlinesUITests */ = {
			isa = PBXNativeTarget;
			buildConfigurationList = 9FEED9A926D8D1D4000819EA /* Build configuration list for PBXNativeTarget "HeadlinesUITests" */;
			buildPhases = (
				9FEED99626D8D1D4000819EA /* Sources */,
				9FEED99726D8D1D4000819EA /* Frameworks */,
				9FEED99826D8D1D4000819EA /* Resources */,
			);
			buildRules = (
			);
			dependencies = (
				9FEED99C26D8D1D4000819EA /* PBXTargetDependency */,
			);
			name = HeadlinesUITests;
			productName = HeadlinesUITests;
			productReference = 9FEED99A26D8D1D4000819EA /* HeadlinesUITests.xctest */;
			productType = "com.apple.product-type.bundle.ui-testing";
		};
/* End PBXNativeTarget section */

/* Begin PBXProject section */
		9FEED97626D8D1CE000819EA /* Project object */ = {
			isa = PBXProject;
			attributes = {
				LastSwiftUpdateCheck = 1250;
				LastUpgradeCheck = 1250;
				TargetAttributes = {
					9FEED97D26D8D1CE000819EA = {
						CreatedOnToolsVersion = 12.5.1;
					};
					9FEED98E26D8D1D4000819EA = {
						CreatedOnToolsVersion = 12.5.1;
						TestTargetID = 9FEED97D26D8D1CE000819EA;
					};
					9FEED99926D8D1D4000819EA = {
						CreatedOnToolsVersion = 12.5.1;
						TestTargetID = 9FEED97D26D8D1CE000819EA;
					};
				};
			};
			buildConfigurationList = 9FEED97926D8D1CE000819EA /* Build configuration list for PBXProject "Headlines" */;
			compatibilityVersion = "Xcode 9.3";
			developmentRegion = en;
			hasScannedForEncodings = 0;
			knownRegions = (
				en,
				Base,
			);
			mainGroup = 9FEED97526D8D1CE000819EA;
			packageReferences = (
				9FEED9AC26D8EB9A000819EA /* XCRemoteSwiftPackageReference "OHHTTPStubs" */,
				9FEED9B226D8EC18000819EA /* XCRemoteSwiftPackageReference "realm-cocoa" */,
			);
			productRefGroup = 9FEED97F26D8D1CE000819EA /* Products */;
			projectDirPath = "";
			projectRoot = "";
			targets = (
				9FEED97D26D8D1CE000819EA /* Headlines */,
				9FEED98E26D8D1D4000819EA /* HeadlinesTests */,
				9FEED99926D8D1D4000819EA /* HeadlinesUITests */,
			);
		};
/* End PBXProject section */

/* Begin PBXResourcesBuildPhase section */
		9FEED97C26D8D1CE000819EA /* Resources */ = {
			isa = PBXResourcesBuildPhase;
			buildActionMask = 2147483647;
			files = (
				9FEED98926D8D1D4000819EA /* Preview Assets.xcassets in Resources */,
				9FEED98626D8D1D4000819EA /* Assets.xcassets in Resources */,
			);
			runOnlyForDeploymentPostprocessing = 0;
		};
		9FEED98D26D8D1D4000819EA /* Resources */ = {
			isa = PBXResourcesBuildPhase;
			buildActionMask = 2147483647;
			files = (
			);
			runOnlyForDeploymentPostprocessing = 0;
		};
		9FEED99826D8D1D4000819EA /* Resources */ = {
			isa = PBXResourcesBuildPhase;
			buildActionMask = 2147483647;
			files = (
			);
			runOnlyForDeploymentPostprocessing = 0;
		};
/* End PBXResourcesBuildPhase section */

/* Begin PBXSourcesBuildPhase section */
		9FEED97A26D8D1CE000819EA /* Sources */ = {
			isa = PBXSourcesBuildPhase;
			buildActionMask = 2147483647;
			files = (
				9FEED9C426D8F1F3000819EA /* Article.swift in Sources */,
				9FEED98426D8D1CE000819EA /* ContentView.swift in Sources */,
				9FEED98226D8D1CE000819EA /* HeadlinesApp.swift in Sources */,
				9FEED9CC26D8F572000819EA /* String+HTML.swift in Sources */,
				9FBF795D26D91330003EAD49 /* HeadlineResponse.swift in Sources */,
				9FEED9C326D8F1F3000819EA /* HeadlinesError.swift in Sources */,
			);
			runOnlyForDeploymentPostprocessing = 0;
		};
		9FEED98B26D8D1D4000819EA /* Sources */ = {
			isa = PBXSourcesBuildPhase;
			buildActionMask = 2147483647;
			files = (
				9FEED99426D8D1D4000819EA /* HeadlinesTests.swift in Sources */,
			);
			runOnlyForDeploymentPostprocessing = 0;
		};
		9FEED99626D8D1D4000819EA /* Sources */ = {
			isa = PBXSourcesBuildPhase;
			buildActionMask = 2147483647;
			files = (
				9FEED99F26D8D1D4000819EA /* HeadlinesUITests.swift in Sources */,
			);
			runOnlyForDeploymentPostprocessing = 0;
		};
/* End PBXSourcesBuildPhase section */

/* Begin PBXTargetDependency section */
		9FEED99126D8D1D4000819EA /* PBXTargetDependency */ = {
			isa = PBXTargetDependency;
			target = 9FEED97D26D8D1CE000819EA /* Headlines */;
			targetProxy = 9FEED99026D8D1D4000819EA /* PBXContainerItemProxy */;
		};
		9FEED99C26D8D1D4000819EA /* PBXTargetDependency */ = {
			isa = PBXTargetDependency;
			target = 9FEED97D26D8D1CE000819EA /* Headlines */;
			targetProxy = 9FEED99B26D8D1D4000819EA /* PBXContainerItemProxy */;
		};
/* End PBXTargetDependency section */

/* Begin XCBuildConfiguration section */
		9FEED9A126D8D1D4000819EA /* Debug */ = {
			isa = XCBuildConfiguration;
			buildSettings = {
				ALWAYS_SEARCH_USER_PATHS = NO;
				CLANG_ANALYZER_NONNULL = YES;
				CLANG_ANALYZER_NUMBER_OBJECT_CONVERSION = YES_AGGRESSIVE;
				CLANG_CXX_LANGUAGE_STANDARD = "gnu++14";
				CLANG_CXX_LIBRARY = "libc++";
				CLANG_ENABLE_MODULES = YES;
				CLANG_ENABLE_OBJC_ARC = YES;
				CLANG_ENABLE_OBJC_WEAK = YES;
				CLANG_WARN_BLOCK_CAPTURE_AUTORELEASING = YES;
				CLANG_WARN_BOOL_CONVERSION = YES;
				CLANG_WARN_COMMA = YES;
				CLANG_WARN_CONSTANT_CONVERSION = YES;
				CLANG_WARN_DEPRECATED_OBJC_IMPLEMENTATIONS = YES;
				CLANG_WARN_DIRECT_OBJC_ISA_USAGE = YES_ERROR;
				CLANG_WARN_DOCUMENTATION_COMMENTS = YES;
				CLANG_WARN_EMPTY_BODY = YES;
				CLANG_WARN_ENUM_CONVERSION = YES;
				CLANG_WARN_INFINITE_RECURSION = YES;
				CLANG_WARN_INT_CONVERSION = YES;
				CLANG_WARN_NON_LITERAL_NULL_CONVERSION = YES;
				CLANG_WARN_OBJC_IMPLICIT_RETAIN_SELF = YES;
				CLANG_WARN_OBJC_LITERAL_CONVERSION = YES;
				CLANG_WARN_OBJC_ROOT_CLASS = YES_ERROR;
				CLANG_WARN_QUOTED_INCLUDE_IN_FRAMEWORK_HEADER = YES;
				CLANG_WARN_RANGE_LOOP_ANALYSIS = YES;
				CLANG_WARN_STRICT_PROTOTYPES = YES;
				CLANG_WARN_SUSPICIOUS_MOVE = YES;
				CLANG_WARN_UNGUARDED_AVAILABILITY = YES_AGGRESSIVE;
				CLANG_WARN_UNREACHABLE_CODE = YES;
				CLANG_WARN__DUPLICATE_METHOD_MATCH = YES;
				COPY_PHASE_STRIP = NO;
				DEBUG_INFORMATION_FORMAT = dwarf;
				ENABLE_STRICT_OBJC_MSGSEND = YES;
				ENABLE_TESTABILITY = YES;
				GCC_C_LANGUAGE_STANDARD = gnu11;
				GCC_DYNAMIC_NO_PIC = NO;
				GCC_NO_COMMON_BLOCKS = YES;
				GCC_OPTIMIZATION_LEVEL = 0;
				GCC_PREPROCESSOR_DEFINITIONS = (
					"DEBUG=1",
					"$(inherited)",
				);
				GCC_WARN_64_TO_32_BIT_CONVERSION = YES;
				GCC_WARN_ABOUT_RETURN_TYPE = YES_ERROR;
				GCC_WARN_UNDECLARED_SELECTOR = YES;
				GCC_WARN_UNINITIALIZED_AUTOS = YES_AGGRESSIVE;
				GCC_WARN_UNUSED_FUNCTION = YES;
				GCC_WARN_UNUSED_VARIABLE = YES;
				IPHONEOS_DEPLOYMENT_TARGET = 14.5;
				MTL_ENABLE_DEBUG_INFO = INCLUDE_SOURCE;
				MTL_FAST_MATH = YES;
				ONLY_ACTIVE_ARCH = YES;
				SDKROOT = iphoneos;
				SWIFT_ACTIVE_COMPILATION_CONDITIONS = DEBUG;
				SWIFT_OPTIMIZATION_LEVEL = "-Onone";
			};
			name = Debug;
		};
		9FEED9A226D8D1D4000819EA /* Release */ = {
			isa = XCBuildConfiguration;
			buildSettings = {
				ALWAYS_SEARCH_USER_PATHS = NO;
				CLANG_ANALYZER_NONNULL = YES;
				CLANG_ANALYZER_NUMBER_OBJECT_CONVERSION = YES_AGGRESSIVE;
				CLANG_CXX_LANGUAGE_STANDARD = "gnu++14";
				CLANG_CXX_LIBRARY = "libc++";
				CLANG_ENABLE_MODULES = YES;
				CLANG_ENABLE_OBJC_ARC = YES;
				CLANG_ENABLE_OBJC_WEAK = YES;
				CLANG_WARN_BLOCK_CAPTURE_AUTORELEASING = YES;
				CLANG_WARN_BOOL_CONVERSION = YES;
				CLANG_WARN_COMMA = YES;
				CLANG_WARN_CONSTANT_CONVERSION = YES;
				CLANG_WARN_DEPRECATED_OBJC_IMPLEMENTATIONS = YES;
				CLANG_WARN_DIRECT_OBJC_ISA_USAGE = YES_ERROR;
				CLANG_WARN_DOCUMENTATION_COMMENTS = YES;
				CLANG_WARN_EMPTY_BODY = YES;
				CLANG_WARN_ENUM_CONVERSION = YES;
				CLANG_WARN_INFINITE_RECURSION = YES;
				CLANG_WARN_INT_CONVERSION = YES;
				CLANG_WARN_NON_LITERAL_NULL_CONVERSION = YES;
				CLANG_WARN_OBJC_IMPLICIT_RETAIN_SELF = YES;
				CLANG_WARN_OBJC_LITERAL_CONVERSION = YES;
				CLANG_WARN_OBJC_ROOT_CLASS = YES_ERROR;
				CLANG_WARN_QUOTED_INCLUDE_IN_FRAMEWORK_HEADER = YES;
				CLANG_WARN_RANGE_LOOP_ANALYSIS = YES;
				CLANG_WARN_STRICT_PROTOTYPES = YES;
				CLANG_WARN_SUSPICIOUS_MOVE = YES;
				CLANG_WARN_UNGUARDED_AVAILABILITY = YES_AGGRESSIVE;
				CLANG_WARN_UNREACHABLE_CODE = YES;
				CLANG_WARN__DUPLICATE_METHOD_MATCH = YES;
				COPY_PHASE_STRIP = NO;
				DEBUG_INFORMATION_FORMAT = "dwarf-with-dsym";
				ENABLE_NS_ASSERTIONS = NO;
				ENABLE_STRICT_OBJC_MSGSEND = YES;
				GCC_C_LANGUAGE_STANDARD = gnu11;
				GCC_NO_COMMON_BLOCKS = YES;
				GCC_WARN_64_TO_32_BIT_CONVERSION = YES;
				GCC_WARN_ABOUT_RETURN_TYPE = YES_ERROR;
				GCC_WARN_UNDECLARED_SELECTOR = YES;
				GCC_WARN_UNINITIALIZED_AUTOS = YES_AGGRESSIVE;
				GCC_WARN_UNUSED_FUNCTION = YES;
				GCC_WARN_UNUSED_VARIABLE = YES;
				IPHONEOS_DEPLOYMENT_TARGET = 14.5;
				MTL_ENABLE_DEBUG_INFO = NO;
				MTL_FAST_MATH = YES;
				SDKROOT = iphoneos;
				SWIFT_COMPILATION_MODE = wholemodule;
				SWIFT_OPTIMIZATION_LEVEL = "-O";
				VALIDATE_PRODUCT = YES;
			};
			name = Release;
		};
		9FEED9A426D8D1D4000819EA /* Debug */ = {
			isa = XCBuildConfiguration;
			buildSettings = {
				ASSETCATALOG_COMPILER_APPICON_NAME = AppIcon;
				ASSETCATALOG_COMPILER_GLOBAL_ACCENT_COLOR_NAME = AccentColor;
				CODE_SIGN_STYLE = Automatic;
				DEVELOPMENT_ASSET_PATHS = "\"Headlines/Preview Content\"";
				DEVELOPMENT_TEAM = C3BX32XR8J;
				ENABLE_PREVIEWS = YES;
				INFOPLIST_FILE = Headlines/Info.plist;
				IPHONEOS_DEPLOYMENT_TARGET = 14.0;
				LD_RUNPATH_SEARCH_PATHS = (
					"$(inherited)",
					"@executable_path/Frameworks",
				);
				PRODUCT_BUNDLE_IDENTIFIER = com.kasprasolutions.Headlines;
				PRODUCT_NAME = "$(TARGET_NAME)";
				SWIFT_VERSION = 5.0;
				TARGETED_DEVICE_FAMILY = "1,2";
			};
			name = Debug;
		};
		9FEED9A526D8D1D4000819EA /* Release */ = {
			isa = XCBuildConfiguration;
			buildSettings = {
				ASSETCATALOG_COMPILER_APPICON_NAME = AppIcon;
				ASSETCATALOG_COMPILER_GLOBAL_ACCENT_COLOR_NAME = AccentColor;
				CODE_SIGN_STYLE = Automatic;
				DEVELOPMENT_ASSET_PATHS = "\"Headlines/Preview Content\"";
				DEVELOPMENT_TEAM = C3BX32XR8J;
				ENABLE_PREVIEWS = YES;
				INFOPLIST_FILE = Headlines/Info.plist;
				IPHONEOS_DEPLOYMENT_TARGET = 14.0;
				LD_RUNPATH_SEARCH_PATHS = (
					"$(inherited)",
					"@executable_path/Frameworks",
				);
				PRODUCT_BUNDLE_IDENTIFIER = com.kasprasolutions.Headlines;
				PRODUCT_NAME = "$(TARGET_NAME)";
				SWIFT_VERSION = 5.0;
				TARGETED_DEVICE_FAMILY = "1,2";
			};
			name = Release;
		};
		9FEED9A726D8D1D4000819EA /* Debug */ = {
			isa = XCBuildConfiguration;
			buildSettings = {
				ALWAYS_EMBED_SWIFT_STANDARD_LIBRARIES = YES;
				BUNDLE_LOADER = "$(TEST_HOST)";
				CODE_SIGN_STYLE = Automatic;
				DEVELOPMENT_TEAM = C3BX32XR8J;
				INFOPLIST_FILE = HeadlinesTests/Info.plist;
				IPHONEOS_DEPLOYMENT_TARGET = 14.0;
				LD_RUNPATH_SEARCH_PATHS = (
					"$(inherited)",
					"@executable_path/Frameworks",
					"@loader_path/Frameworks",
				);
				PRODUCT_BUNDLE_IDENTIFIER = com.kasprasolutions.HeadlinesTests;
				PRODUCT_NAME = "$(TARGET_NAME)";
				SWIFT_VERSION = 5.0;
				TARGETED_DEVICE_FAMILY = "1,2";
				TEST_HOST = "$(BUILT_PRODUCTS_DIR)/Headlines.app/Headlines";
			};
			name = Debug;
		};
		9FEED9A826D8D1D4000819EA /* Release */ = {
			isa = XCBuildConfiguration;
			buildSettings = {
				ALWAYS_EMBED_SWIFT_STANDARD_LIBRARIES = YES;
				BUNDLE_LOADER = "$(TEST_HOST)";
				CODE_SIGN_STYLE = Automatic;
				DEVELOPMENT_TEAM = C3BX32XR8J;
				INFOPLIST_FILE = HeadlinesTests/Info.plist;
				IPHONEOS_DEPLOYMENT_TARGET = 14.0;
				LD_RUNPATH_SEARCH_PATHS = (
					"$(inherited)",
					"@executable_path/Frameworks",
					"@loader_path/Frameworks",
				);
				PRODUCT_BUNDLE_IDENTIFIER = com.kasprasolutions.HeadlinesTests;
				PRODUCT_NAME = "$(TARGET_NAME)";
				SWIFT_VERSION = 5.0;
				TARGETED_DEVICE_FAMILY = "1,2";
				TEST_HOST = "$(BUILT_PRODUCTS_DIR)/Headlines.app/Headlines";
			};
			name = Release;
		};
		9FEED9AA26D8D1D4000819EA /* Debug */ = {
			isa = XCBuildConfiguration;
			buildSettings = {
				ALWAYS_EMBED_SWIFT_STANDARD_LIBRARIES = YES;
				CODE_SIGN_STYLE = Automatic;
				DEVELOPMENT_TEAM = C3BX32XR8J;
				INFOPLIST_FILE = HeadlinesUITests/Info.plist;
				LD_RUNPATH_SEARCH_PATHS = (
					"$(inherited)",
					"@executable_path/Frameworks",
					"@loader_path/Frameworks",
				);
				PRODUCT_BUNDLE_IDENTIFIER = com.kasprasolutions.HeadlinesUITests;
				PRODUCT_NAME = "$(TARGET_NAME)";
				SWIFT_VERSION = 5.0;
				TARGETED_DEVICE_FAMILY = "1,2";
				TEST_TARGET_NAME = Headlines;
			};
			name = Debug;
		};
		9FEED9AB26D8D1D4000819EA /* Release */ = {
			isa = XCBuildConfiguration;
			buildSettings = {
				ALWAYS_EMBED_SWIFT_STANDARD_LIBRARIES = YES;
				CODE_SIGN_STYLE = Automatic;
				DEVELOPMENT_TEAM = C3BX32XR8J;
				INFOPLIST_FILE = HeadlinesUITests/Info.plist;
				LD_RUNPATH_SEARCH_PATHS = (
					"$(inherited)",
					"@executable_path/Frameworks",
					"@loader_path/Frameworks",
				);
				PRODUCT_BUNDLE_IDENTIFIER = com.kasprasolutions.HeadlinesUITests;
				PRODUCT_NAME = "$(TARGET_NAME)";
				SWIFT_VERSION = 5.0;
				TARGETED_DEVICE_FAMILY = "1,2";
				TEST_TARGET_NAME = Headlines;
			};
			name = Release;
		};
/* End XCBuildConfiguration section */

/* Begin XCConfigurationList section */
		9FEED97926D8D1CE000819EA /* Build configuration list for PBXProject "Headlines" */ = {
			isa = XCConfigurationList;
			buildConfigurations = (
				9FEED9A126D8D1D4000819EA /* Debug */,
				9FEED9A226D8D1D4000819EA /* Release */,
			);
			defaultConfigurationIsVisible = 0;
			defaultConfigurationName = Release;
		};
		9FEED9A326D8D1D4000819EA /* Build configuration list for PBXNativeTarget "Headlines" */ = {
			isa = XCConfigurationList;
			buildConfigurations = (
				9FEED9A426D8D1D4000819EA /* Debug */,
				9FEED9A526D8D1D4000819EA /* Release */,
			);
			defaultConfigurationIsVisible = 0;
			defaultConfigurationName = Release;
		};
		9FEED9A626D8D1D4000819EA /* Build configuration list for PBXNativeTarget "HeadlinesTests" */ = {
			isa = XCConfigurationList;
			buildConfigurations = (
				9FEED9A726D8D1D4000819EA /* Debug */,
				9FEED9A826D8D1D4000819EA /* Release */,
			);
			defaultConfigurationIsVisible = 0;
			defaultConfigurationName = Release;
		};
		9FEED9A926D8D1D4000819EA /* Build configuration list for PBXNativeTarget "HeadlinesUITests" */ = {
			isa = XCConfigurationList;
			buildConfigurations = (
				9FEED9AA26D8D1D4000819EA /* Debug */,
				9FEED9AB26D8D1D4000819EA /* Release */,
			);
			defaultConfigurationIsVisible = 0;
			defaultConfigurationName = Release;
		};
/* End XCConfigurationList section */

/* Begin XCRemoteSwiftPackageReference section */
		9FEED9AC26D8EB9A000819EA /* XCRemoteSwiftPackageReference "OHHTTPStubs" */ = {
			isa = XCRemoteSwiftPackageReference;
			repositoryURL = "https://github.com/AliSoftware/OHHTTPStubs";
			requirement = {
				kind = upToNextMajorVersion;
				minimumVersion = 9.1.0;
			};
		};
		9FEED9B226D8EC18000819EA /* XCRemoteSwiftPackageReference "realm-cocoa" */ = {
			isa = XCRemoteSwiftPackageReference;
			repositoryURL = "https://github.com/realm/realm-cocoa";
			requirement = {
				kind = upToNextMajorVersion;
				minimumVersion = 10.13.0;
			};
		};
/* End XCRemoteSwiftPackageReference section */

/* Begin XCSwiftPackageProductDependency section */
		9FEED9AD26D8EB9A000819EA /* OHHTTPStubsSwift */ = {
			isa = XCSwiftPackageProductDependency;
			package = 9FEED9AC26D8EB9A000819EA /* XCRemoteSwiftPackageReference "OHHTTPStubs" */;
			productName = OHHTTPStubsSwift;
		};
		9FEED9B326D8EC18000819EA /* RealmSwift */ = {
			isa = XCSwiftPackageProductDependency;
			package = 9FEED9B226D8EC18000819EA /* XCRemoteSwiftPackageReference "realm-cocoa" */;
			productName = RealmSwift;
		};
		9FEED9CE26D8F986000819EA /* Realm */ = {
			isa = XCSwiftPackageProductDependency;
			package = 9FEED9B226D8EC18000819EA /* XCRemoteSwiftPackageReference "realm-cocoa" */;
			productName = Realm;
		};
/* End XCSwiftPackageProductDependency section */
	};
	rootObject = 9FEED97626D8D1CE000819EA /* Project object */;
}
